
Microsoft Visual Studio Solution File, Format Version 12.00
# Visual Studio Version 16
VisualStudioVersion = 16.0.31729.503
MinimumVisualStudioVersion = 10.0.40219.1
Project("{9A19103F-16F7-4668-BE54-9A1E7A4F7556}") = "API", "API\API.csproj", "{0F825380-F97B-4C4C-B49A-EC932C3469BD}"
	ProjectSection(ProjectDependencies) = postProject
		{4EC37ABE-DB5F-4DD0-A99B-74D28405CE7A} = {4EC37ABE-DB5F-4DD0-A99B-74D28405CE7A}
	EndProjectSection
EndProject
Project("{FAE04EC0-301F-11D3-BF4B-00C04F79EFBC}") = "Manager", "Manager\Manager.csproj", "{4EC37ABE-DB5F-4DD0-A99B-74D28405CE7A}"
EndProject
Project("{FAE04EC0-301F-11D3-BF4B-00C04F79EFBC}") = "Service", "Service\Service.csproj", "{2978C8CA-5448-4461-A162-A16BCC65857B}"
EndProject
Project("{FAE04EC0-301F-11D3-BF4B-00C04F79EFBC}") = "Repository", "Repository\Repository.csproj", "{83C7D54B-3E7A-4774-9AEB-5149614833BE}"
EndProject
Project("{FAE04EC0-301F-11D3-BF4B-00C04F79EFBC}") = "Contract", "Contract\Contract.csproj", "{52D2599D-759B-4468-9C5B-4058A59E08F4}"
EndProject
Global
	GlobalSection(SolutionConfigurationPlatforms) = preSolution
		Debug|Any CPU = Debug|Any CPU
		Release|Any CPU = Release|Any CPU
	EndGlobalSection
	GlobalSection(ProjectConfigurationPlatforms) = postSolution
		{0F825380-F97B-4C4C-B49A-EC932C3469BD}.Debug|Any CPU.ActiveCfg = Debug|Any CPU
		{0F825380-F97B-4C4C-B49A-EC932C3469BD}.Debug|Any CPU.Build.0 = Debug|Any CPU
		{0F825380-F97B-4C4C-B49A-EC932C3469BD}.Release|Any CPU.ActiveCfg = Release|Any CPU
		{0F825380-F97B-4C4C-B49A-EC932C3469BD}.Release|Any CPU.Build.0 = Release|Any CPU
		{4EC37ABE-DB5F-4DD0-A99B-74D28405CE7A}.Debug|Any CPU.ActiveCfg = Debug|Any CPU
		{4EC37ABE-DB5F-4DD0-A99B-74D28405CE7A}.Debug|Any CPU.Build.0 = Debug|Any CPU
		{4EC37ABE-DB5F-4DD0-A99B-74D28405CE7A}.Release|Any CPU.ActiveCfg = Release|Any CPU
		{4EC37ABE-DB5F-4DD0-A99B-74D28405CE7A}.Release|Any CPU.Build.0 = Release|Any CPU
		{2978C8CA-5448-4461-A162-A16BCC65857B}.Debug|Any CPU.ActiveCfg = Debug|Any CPU
		{2978C8CA-5448-4461-A162-A16BCC65857B}.Debug|Any CPU.Build.0 = Debug|Any CPU
		{2978C8CA-5448-4461-A162-A16BCC65857B}.Release|Any CPU.ActiveCfg = Release|Any CPU
		{2978C8CA-5448-4461-A162-A16BCC65857B}.Release|Any CPU.Build.0 = Release|Any CPU
		{83C7D54B-3E7A-4774-9AEB-5149614833BE}.Debug|Any CPU.ActiveCfg = Debug|Any CPU
		{83C7D54B-3E7A-4774-9AEB-5149614833BE}.Debug|Any CPU.Build.0 = Debug|Any CPU
		{83C7D54B-3E7A-4774-9AEB-5149614833BE}.Release|Any CPU.ActiveCfg = Release|Any CPU
		{83C7D54B-3E7A-4774-9AEB-5149614833BE}.Release|Any CPU.Build.0 = Release|Any CPU
		{52D2599D-759B-4468-9C5B-4058A59E08F4}.Debug|Any CPU.ActiveCfg = Debug|Any CPU
		{52D2599D-759B-4468-9C5B-4058A59E08F4}.Debug|Any CPU.Build.0 = Debug|Any CPU
		{52D2599D-759B-4468-9C5B-4058A59E08F4}.Release|Any CPU.ActiveCfg = Release|Any CPU
		{52D2599D-759B-4468-9C5B-4058A59E08F4}.Release|Any CPU.Build.0 = Release|Any CPU
	EndGlobalSection
	GlobalSection(SolutionProperties) = preSolution
		HideSolutionNode = FALSE
	EndGlobalSection
	GlobalSection(ExtensibilityGlobals) = postSolution
		SolutionGuid = {6D31370D-A745-4647-A4E1-A05221923C99}
	EndGlobalSection
EndGlobal
